{
  "projects": [
    {
      "projectId": "seaQhLVS4bbjiGvJJrRwyL",
      "version": "15.0.3",
      "dependencies": {},
      "lang": "js",
      "fileLocks": [
        {
          "assetId": "seaQhLVS4bbjiGvJJrRwyL",
          "type": "projectCss",
          "checksum": "85f7ca190f576c5a2499623973afb625"
        }
      ]
    },
    {
      "projectId": "kjuFFTSZb8fanzCHT2C1jz",
      "version": "12.2.3",
      "dependencies": {
        "seaQhLVS4bbjiGvJJrRwyL": "15.0.3"
      },
      "lang": "js",
      "fileLocks": [
        {
          "type": "globalVariant",
          "assetId": "k7xdGnvUtPZ_s",
          "checksum": "1a98724ea5b0b5c41618a8498f33c0f0"
        },
        {
          "type": "globalVariant",
          "assetId": "9MzawQbD5r",
          "checksum": "b6f3ca7eecc8ed1f3314033844b40cbc"
        },
        {
          "assetId": "kjuFFTSZb8fanzCHT2C1jz",
          "type": "projectCss",
          "checksum": "b707381ed538840705c46fc0544e832f"
        },
        {
          "type": "renderModule",
          "assetId": "5-ThUEPfFc",
          "checksum": "a6c196486612305ddd5accd85697b6a6"
        },
        {
          "type": "cssRules",
          "assetId": "5-ThUEPfFc",
          "checksum": "a6c196486612305ddd5accd85697b6a6"
        },
        {
          "type": "renderModule",
          "assetId": "EDH0JqEGKc",
          "checksum": "82a72d2dcedeace428126054021b7f84"
        },
        {
          "type": "cssRules",
          "assetId": "EDH0JqEGKc",
          "checksum": "82a72d2dcedeace428126054021b7f84"
        },
        {
          "type": "renderModule",
          "assetId": "jzdXOPDUzV",
          "checksum": "2bf79a699ad6549092c25bdb21afdb43"
        },
        {
          "type": "cssRules",
          "assetId": "jzdXOPDUzV",
          "checksum": "2bf79a699ad6549092c25bdb21afdb43"
        },
        {
          "type": "renderModule",
          "assetId": "LC6N8oPz6C",
          "checksum": "33b3c8376f3156f7122edddad370dea1"
        },
        {
          "type": "cssRules",
          "assetId": "LC6N8oPz6C",
          "checksum": "33b3c8376f3156f7122edddad370dea1"
        },
        {
          "type": "renderModule",
          "assetId": "vtgKf8zu4R",
          "checksum": "f137d5db81bf4c342a0f74b2729ba0fe"
        },
        {
          "type": "cssRules",
          "assetId": "vtgKf8zu4R",
          "checksum": "f137d5db81bf4c342a0f74b2729ba0fe"
        },
        {
          "type": "renderModule",
          "assetId": "Dh0X1Xu6r0",
          "checksum": "672a089cfa4976395eb71b855967f212"
        },
        {
          "type": "cssRules",
          "assetId": "Dh0X1Xu6r0",
          "checksum": "672a089cfa4976395eb71b855967f212"
        },
        {
          "type": "renderModule",
          "assetId": "9R5YynM9KVp",
          "checksum": "5942146f39ed46d623e6cb50af4377ba"
        },
        {
          "type": "cssRules",
          "assetId": "9R5YynM9KVp",
          "checksum": "5942146f39ed46d623e6cb50af4377ba"
        },
        {
          "type": "renderModule",
          "assetId": "CTFlDz32c2",
          "checksum": "9b215f80a72106c3612f59d101bb3d8b"
        },
        {
          "type": "cssRules",
          "assetId": "CTFlDz32c2",
          "checksum": "9b215f80a72106c3612f59d101bb3d8b"
        },
        {
          "type": "renderModule",
          "assetId": "6947fPy0uC",
          "checksum": "a2a718074193789b56e112e8e71ea6d6"
        },
        {
          "type": "cssRules",
          "assetId": "6947fPy0uC",
          "checksum": "a2a718074193789b56e112e8e71ea6d6"
        },
        {
          "type": "renderModule",
          "assetId": "E_l1hqcHcA",
          "checksum": "d809c8cd04f8548f75176917b980c04f"
        },
        {
          "type": "cssRules",
          "assetId": "E_l1hqcHcA",
          "checksum": "d809c8cd04f8548f75176917b980c04f"
        },
        {
          "type": "renderModule",
          "assetId": "SQHouqji3_",
          "checksum": "e9c4022b231e0b92e729c5cfc050d939"
        },
        {
          "type": "cssRules",
          "assetId": "SQHouqji3_",
          "checksum": "e9c4022b231e0b92e729c5cfc050d939"
        },
        {
          "type": "renderModule",
          "assetId": "MOwsdKtDW9",
          "checksum": "9b89eda57dc02e6494757f4da52fc1d7"
        },
        {
          "type": "cssRules",
          "assetId": "MOwsdKtDW9",
          "checksum": "9b89eda57dc02e6494757f4da52fc1d7"
        },
        {
          "type": "renderModule",
          "assetId": "TcXkT68Mp6",
          "checksum": "3fefa91ce394c553efb10d303151cf88"
        },
        {
          "type": "cssRules",
          "assetId": "TcXkT68Mp6",
          "checksum": "3fefa91ce394c553efb10d303151cf88"
        },
        {
          "type": "renderModule",
          "assetId": "jJwXbiB2Ic",
          "checksum": "4c6348717d112ec2a280308ea36e4039"
        },
        {
          "type": "cssRules",
          "assetId": "jJwXbiB2Ic",
          "checksum": "4c6348717d112ec2a280308ea36e4039"
        },
        {
          "type": "renderModule",
          "assetId": "KCzdJBxTJE",
          "checksum": "ccee4fe82b4d4232e134e94de5eca15c"
        },
        {
          "type": "cssRules",
          "assetId": "KCzdJBxTJE",
          "checksum": "ccee4fe82b4d4232e134e94de5eca15c"
        },
        {
          "type": "renderModule",
          "assetId": "6Zq5_xjO9F",
          "checksum": "0e7588fb63f6157ba5a4b44969ee31e1"
        },
        {
          "type": "cssRules",
          "assetId": "6Zq5_xjO9F",
          "checksum": "0e7588fb63f6157ba5a4b44969ee31e1"
        },
        {
          "type": "renderModule",
          "assetId": "PwVbfz5ruck",
          "checksum": "14641f1daadcee7644b04e21ba0c95f9"
        },
        {
          "type": "cssRules",
          "assetId": "PwVbfz5ruck",
          "checksum": "14641f1daadcee7644b04e21ba0c95f9"
        },
        {
          "type": "renderModule",
          "assetId": "6kW5oz8gIK-",
          "checksum": "f65f345d5018b13b0403be0c20f15644"
        },
        {
          "type": "cssRules",
          "assetId": "6kW5oz8gIK-",
          "checksum": "f65f345d5018b13b0403be0c20f15644"
        },
        {
          "type": "renderModule",
          "assetId": "WzZa1_nedVe",
          "checksum": "cd12a9e1564064b92889816df1eea960"
        },
        {
          "type": "cssRules",
          "assetId": "WzZa1_nedVe",
          "checksum": "cd12a9e1564064b92889816df1eea960"
        },
        {
          "type": "renderModule",
          "assetId": "MEBiyy_4nD",
          "checksum": "e491d38b79fbb4558feb9e9000b36c99"
        },
        {
          "type": "cssRules",
          "assetId": "MEBiyy_4nD",
          "checksum": "e491d38b79fbb4558feb9e9000b36c99"
        },
        {
          "type": "renderModule",
          "assetId": "MaAtk98o9f",
          "checksum": "b05f4b2a9911941b7d9bdc96dd27fc33"
        },
        {
          "type": "cssRules",
          "assetId": "MaAtk98o9f",
          "checksum": "b05f4b2a9911941b7d9bdc96dd27fc33"
        },
        {
          "type": "renderModule",
          "assetId": "ZsmzGgkZw2",
          "checksum": "9d33b1a29276c3d0fbac104fc309dc7b"
        },
        {
          "type": "cssRules",
          "assetId": "ZsmzGgkZw2",
          "checksum": "9d33b1a29276c3d0fbac104fc309dc7b"
        },
        {
          "type": "renderModule",
          "assetId": "3Qfldk4cSlr",
          "checksum": "51135ffd6364e50a103c891ec05d4760"
        },
        {
          "type": "cssRules",
          "assetId": "3Qfldk4cSlr",
          "checksum": "51135ffd6364e50a103c891ec05d4760"
        },
        {
          "type": "renderModule",
          "assetId": "2xJBbfTP-H7",
          "checksum": "6eceb4c90c87627957acb008feebabc4"
        },
        {
          "type": "cssRules",
          "assetId": "2xJBbfTP-H7",
          "checksum": "6eceb4c90c87627957acb008feebabc4"
        },
        {
          "type": "renderModule",
          "assetId": "lJppbKgSOw",
          "checksum": "cf80f3fec11cda47642d71ae037c4519"
        },
        {
          "type": "cssRules",
          "assetId": "lJppbKgSOw",
          "checksum": "cf80f3fec11cda47642d71ae037c4519"
        },
        {
          "type": "renderModule",
          "assetId": "xiF82lygrKb",
          "checksum": "2a4be375350b26eaa06b78157088da2d"
        },
        {
          "type": "cssRules",
          "assetId": "xiF82lygrKb",
          "checksum": "2a4be375350b26eaa06b78157088da2d"
        },
        {
          "type": "renderModule",
          "assetId": "AapVVGU4iu",
          "checksum": "c9e68143aba51fcde4222f28490a9133"
        },
        {
          "type": "cssRules",
          "assetId": "AapVVGU4iu",
          "checksum": "c9e68143aba51fcde4222f28490a9133"
        },
        {
          "type": "renderModule",
          "assetId": "0JMC2aEx9m",
          "checksum": "707b1985bd40210c1b9baf7858af8edd"
        },
        {
          "type": "cssRules",
          "assetId": "0JMC2aEx9m",
          "checksum": "707b1985bd40210c1b9baf7858af8edd"
        },
        {
          "type": "renderModule",
          "assetId": "Xbdmg_vawY",
          "checksum": "3e9363acca97d0d5fc3440342dba87f6"
        },
        {
          "type": "cssRules",
          "assetId": "Xbdmg_vawY",
          "checksum": "3e9363acca97d0d5fc3440342dba87f6"
        },
        {
          "type": "renderModule",
          "assetId": "DJbGaLTtKAR",
          "checksum": "7d70d6f9085db9516bfd7a1eb7074785"
        },
        {
          "type": "cssRules",
          "assetId": "DJbGaLTtKAR",
          "checksum": "7d70d6f9085db9516bfd7a1eb7074785"
        },
        {
          "type": "renderModule",
          "assetId": "1LCbIKy0Mz",
          "checksum": "ad9f05d68d167915badf4edd8ab6ab4a"
        },
        {
          "type": "cssRules",
          "assetId": "1LCbIKy0Mz",
          "checksum": "ad9f05d68d167915badf4edd8ab6ab4a"
        },
        {
          "type": "renderModule",
          "assetId": "aD1BzX0TEUk",
          "checksum": "21b619149c81b583d1383fcbbae50342"
        },
        {
          "type": "cssRules",
          "assetId": "aD1BzX0TEUk",
          "checksum": "21b619149c81b583d1383fcbbae50342"
        },
        {
          "type": "renderModule",
          "assetId": "2LcO8okO6S",
          "checksum": "e97c3a4e7a3cbf2b82789845e847c5ec"
        },
        {
          "type": "cssRules",
          "assetId": "2LcO8okO6S",
          "checksum": "e97c3a4e7a3cbf2b82789845e847c5ec"
        },
        {
          "type": "renderModule",
          "assetId": "qSazSuRq3D",
          "checksum": "678d33402430f7dd0cfa9a1029a4486a"
        },
        {
          "type": "cssRules",
          "assetId": "qSazSuRq3D",
          "checksum": "678d33402430f7dd0cfa9a1029a4486a"
        },
        {
          "type": "renderModule",
          "assetId": "rBgbWjsA0sd",
          "checksum": "b638e505ca385bb79242cb11657089a6"
        },
        {
          "type": "cssRules",
          "assetId": "rBgbWjsA0sd",
          "checksum": "b638e505ca385bb79242cb11657089a6"
        },
        {
          "type": "renderModule",
          "assetId": "JF4MWU3g67-",
          "checksum": "0e6f5bbc4fb3f03256b68971c092f5a1"
        },
        {
          "type": "cssRules",
          "assetId": "JF4MWU3g67-",
          "checksum": "0e6f5bbc4fb3f03256b68971c092f5a1"
        },
        {
          "type": "renderModule",
          "assetId": "SuPOJLymtk7",
          "checksum": "dbc8518f5595c6d8e1192b8a3785bd5e"
        },
        {
          "type": "cssRules",
          "assetId": "SuPOJLymtk7",
          "checksum": "dbc8518f5595c6d8e1192b8a3785bd5e"
        },
        {
          "type": "renderModule",
          "assetId": "JWaK283jnQd",
          "checksum": "c995827f75c0b8b6191823b6b942d05c"
        },
        {
          "type": "cssRules",
          "assetId": "JWaK283jnQd",
          "checksum": "c995827f75c0b8b6191823b6b942d05c"
        },
        {
          "type": "renderModule",
          "assetId": "QePfxm7iE7o",
          "checksum": "8551f0248bb72da09f875e46ee8d70b9"
        },
        {
          "type": "cssRules",
          "assetId": "QePfxm7iE7o",
          "checksum": "8551f0248bb72da09f875e46ee8d70b9"
        },
        {
          "type": "renderModule",
          "assetId": "pDZtEWqRzT",
          "checksum": "6abee11d24e2f6726be3bc9be118fac8"
        },
        {
          "type": "cssRules",
          "assetId": "pDZtEWqRzT",
          "checksum": "6abee11d24e2f6726be3bc9be118fac8"
        },
        {
          "type": "renderModule",
          "assetId": "HzhMCW_ztWQ",
          "checksum": "2e1a1dd538262f0b123e2fe88d73a248"
        },
        {
          "type": "cssRules",
          "assetId": "HzhMCW_ztWQ",
          "checksum": "2e1a1dd538262f0b123e2fe88d73a248"
        },
        {
          "type": "renderModule",
          "assetId": "CVIy61AA1u",
          "checksum": "8bc136df707d820ea75a8a354cb66cd7"
        },
        {
          "type": "cssRules",
          "assetId": "CVIy61AA1u",
          "checksum": "8bc136df707d820ea75a8a354cb66cd7"
        },
        {
          "type": "renderModule",
          "assetId": "G_9dpcpzVW",
          "checksum": "72b09997f1368a7cb53feda4d918e1a8"
        },
        {
          "type": "cssRules",
          "assetId": "G_9dpcpzVW",
          "checksum": "72b09997f1368a7cb53feda4d918e1a8"
        },
        {
          "type": "renderModule",
          "assetId": "dxALvsaixcT",
          "checksum": "df0ef296b520367b212fc6a7091ee598"
        },
        {
          "type": "cssRules",
          "assetId": "dxALvsaixcT",
          "checksum": "df0ef296b520367b212fc6a7091ee598"
        },
        {
          "type": "renderModule",
          "assetId": "jlcB8VeL6C_",
          "checksum": "a2b90d6e855ff56ca6153b5253eee64b"
        },
        {
          "type": "cssRules",
          "assetId": "jlcB8VeL6C_",
          "checksum": "a2b90d6e855ff56ca6153b5253eee64b"
        },
        {
          "type": "renderModule",
          "assetId": "8suVFciYp4t",
          "checksum": "4dd4aee0b01d38ee91d200929e3a9da3"
        },
        {
          "type": "cssRules",
          "assetId": "8suVFciYp4t",
          "checksum": "4dd4aee0b01d38ee91d200929e3a9da3"
        },
        {
          "type": "renderModule",
          "assetId": "2Zjr0RrrEeo",
          "checksum": "979a32920d0e6cb5f7f334689d4072ad"
        },
        {
          "type": "cssRules",
          "assetId": "2Zjr0RrrEeo",
          "checksum": "979a32920d0e6cb5f7f334689d4072ad"
        },
        {
          "type": "renderModule",
          "assetId": "2sR5PRkxYAA",
          "checksum": "f6b582c3b6dda3adbee7b73486170b62"
        },
        {
          "type": "cssRules",
          "assetId": "2sR5PRkxYAA",
          "checksum": "f6b582c3b6dda3adbee7b73486170b62"
        },
        {
          "type": "renderModule",
          "assetId": "ncmAa8DpLu",
          "checksum": "350ec58c8a975e348457c0c7fd28d2ba"
        },
        {
          "type": "cssRules",
          "assetId": "ncmAa8DpLu",
          "checksum": "350ec58c8a975e348457c0c7fd28d2ba"
        },
        {
          "type": "renderModule",
          "assetId": "4hNukt77tQq",
          "checksum": "67c2f4ad78395b43b1e83bd1477aa542"
        },
        {
          "type": "cssRules",
          "assetId": "4hNukt77tQq",
          "checksum": "67c2f4ad78395b43b1e83bd1477aa542"
        },
        {
          "type": "renderModule",
          "assetId": "QBF7nr-k8Wj",
          "checksum": "c4ee83f7fb5eb71e49ca9aabf4437fc5"
        },
        {
          "type": "cssRules",
          "assetId": "QBF7nr-k8Wj",
          "checksum": "c4ee83f7fb5eb71e49ca9aabf4437fc5"
        },
        {
          "type": "renderModule",
          "assetId": "HUUfSMinVuU",
          "checksum": "5c9bb2bf5341d8cd08ed66ada4369451"
        },
        {
          "type": "cssRules",
          "assetId": "HUUfSMinVuU",
          "checksum": "5c9bb2bf5341d8cd08ed66ada4369451"
        },
        {
          "type": "renderModule",
          "assetId": "fJogwOTVlCE",
          "checksum": "836d9adf12e16f3b7534e10d644e03fb"
        },
        {
          "type": "cssRules",
          "assetId": "fJogwOTVlCE",
          "checksum": "836d9adf12e16f3b7534e10d644e03fb"
        },
        {
          "type": "renderModule",
          "assetId": "vfJVtA9eRVA",
          "checksum": "b5032aafbbb2e4ca9f06c6978866bc8f"
        },
        {
          "type": "cssRules",
          "assetId": "vfJVtA9eRVA",
          "checksum": "b5032aafbbb2e4ca9f06c6978866bc8f"
        },
        {
          "type": "renderModule",
          "assetId": "0dGBHkGVkF",
          "checksum": "51bb8f0fabe1802702e51ad1067170ee"
        },
        {
          "type": "cssRules",
          "assetId": "0dGBHkGVkF",
          "checksum": "51bb8f0fabe1802702e51ad1067170ee"
        },
        {
          "type": "renderModule",
          "assetId": "4f4Uxz__m0h",
          "checksum": "b3b428df16b0d3368c6a75679cb796cb"
        },
        {
          "type": "cssRules",
          "assetId": "4f4Uxz__m0h",
          "checksum": "b3b428df16b0d3368c6a75679cb796cb"
        },
        {
          "type": "renderModule",
          "assetId": "jHFCHH5QQ7K",
          "checksum": "15e167fc8afc423cdb02e16f86b288f2"
        },
        {
          "type": "cssRules",
          "assetId": "jHFCHH5QQ7K",
          "checksum": "15e167fc8afc423cdb02e16f86b288f2"
        },
        {
          "type": "image",
          "assetId": "EPGPLj8R6N",
          "checksum": "93a776a5daa701fa888a1d1dd922b12b"
        },
        {
          "type": "image",
          "assetId": "UYaJ8Iid3m",
          "checksum": "9579e8704ee76a6a0ac3b5c557784b68"
        },
        {
          "type": "image",
          "assetId": "X_7NFtHNX",
          "checksum": "2fc65505c1292927b8b5a1e6ccff8c02"
        },
        {
          "type": "image",
          "assetId": "7HJPr710dt",
          "checksum": "9fd36c9d837a047b11fc4c583dc547c8"
        },
        {
          "type": "image",
          "assetId": "xOaQbmepj8",
          "checksum": "0fa7acd87c170db8f0c96641550618dc"
        },
        {
          "type": "image",
          "assetId": "XhUnce3xk-",
          "checksum": "26d49edf1bc4cf805c75f9b4813b4065"
        },
        {
          "type": "image",
          "assetId": "ZK4QPLv_Js",
          "checksum": "00611244d028f186b31c0a9bc8df43c5"
        },
        {
          "type": "image",
          "assetId": "rU1g-d3eNw",
          "checksum": "d45a2029ed9a25382b35a0beea1630ba"
        },
        {
          "type": "image",
          "assetId": "jEB6FWUqh2",
          "checksum": "a7a1ca9e973ef1283ada2910354ff964"
        },
        {
          "type": "image",
          "assetId": "YE53p_epLv",
          "checksum": "b44b29d9ac231d30219874a8c8b92215"
        },
        {
          "type": "image",
          "assetId": "SuzPKCmZFZ",
          "checksum": "9d068469fa7abafac079351571859007"
        },
        {
          "type": "image",
          "assetId": "PJOPGNVZ-6",
          "checksum": "501827d6eed7e62b19b59408c4d1a760"
        },
        {
          "type": "image",
          "assetId": "04YO870mHJ",
          "checksum": "675a162f5958a6b62f92dbdba93c7af2"
        },
        {
          "type": "image",
          "assetId": "CMH2DF62HJ",
          "checksum": "482d1c42b910e76f6b870d6ae44a7dcd"
        },
        {
          "type": "image",
          "assetId": "C1Emdq7mU7",
          "checksum": "a199f15f9db45aefcefb88e3dbe1c0de"
        },
        {
          "type": "image",
          "assetId": "mZuhoXM_N",
          "checksum": "f6a29a5b2aa76e5cdf00e88c8a8ebb32"
        },
        {
          "type": "image",
          "assetId": "otjSZETYH",
          "checksum": "5572f6f5f1745e2c904e0e6330b8d82c"
        },
        {
          "type": "image",
          "assetId": "OswZQdidC",
          "checksum": "d8ecb2bc7f04a1ef8820e6df2da832e5"
        },
        {
          "type": "image",
          "assetId": "sQFudTnc2",
          "checksum": "6f5493e44aaf3952dbf71c2846a5d3ce"
        },
        {
          "type": "image",
          "assetId": "Y1uxSbPn1",
          "checksum": "7dd4ad05659249f8f4bb7536171f3db1"
        },
        {
          "type": "image",
          "assetId": "j3B0JfVAV",
          "checksum": "6446f21db27092c47b95d6381b385ed4"
        },
        {
          "type": "image",
          "assetId": "lzSJdD5rG",
          "checksum": "53eff06d633671e27f6cb10f2369a5a8"
        },
        {
          "type": "image",
          "assetId": "2_DqtGXsD",
          "checksum": "884719b6450473b9627078ab004609c4"
        },
        {
          "type": "image",
          "assetId": "a0XqR1rmO",
          "checksum": "b8ac9d465fd02a69ed6500b7b3ec5f85"
        },
        {
          "type": "image",
          "assetId": "CGjd_wD3lc",
          "checksum": "1f81cf0e8246d2e09773e6fa00d28384"
        },
        {
          "type": "image",
          "assetId": "ejT54-AB5",
          "checksum": "7b47aec89888d160131ae13e38bb0704"
        },
        {
          "type": "image",
          "assetId": "U_7c_gaQy",
          "checksum": "21aa2dba7e49f27adb7346a2d628da43"
        },
        {
          "type": "image",
          "assetId": "VvWfewPgF",
          "checksum": "ed12844869bb439df327afcedf05d692"
        },
        {
          "type": "image",
          "assetId": "tueIhGKhL",
          "checksum": "ca88a011e08392f1ee9636f3f934b8a0"
        },
        {
          "type": "image",
          "assetId": "3GGD3CMMI",
          "checksum": "7637aa9f70af0e4282919c40e50c9a39"
        },
        {
          "type": "image",
          "assetId": "Dqmr3K45D",
          "checksum": "958f03d7fa7ac7388a27db6df45a172a"
        },
        {
          "type": "image",
          "assetId": "yEtbjfyJ0",
          "checksum": "5a7fd0e1f5df526b5db031a557d92eeb"
        },
        {
          "type": "image",
          "assetId": "sd8fqsUf_",
          "checksum": "eca488ddb73b03df0a3519bd262f3895"
        },
        {
          "type": "image",
          "assetId": "brkhP7iR0",
          "checksum": "2072e3181f2e25bf65bc98003bac7718"
        },
        {
          "type": "image",
          "assetId": "jukHnjBM2",
          "checksum": "e920e976fc0d5ed7544da6713f547779"
        },
        {
          "type": "image",
          "assetId": "G5jsDdQkx",
          "checksum": "598bc7e6fa83f5452cd97f356f101784"
        },
        {
          "type": "image",
          "assetId": "9uio4NrWB",
          "checksum": "cff770858fe1733ce82f252c1fbd1fc5"
        },
        {
          "type": "image",
          "assetId": "0CMsqtag4",
          "checksum": "7f2d73efa9c3c1a810dbb31cb1a4711c"
        },
        {
          "type": "image",
          "assetId": "WlKI1l4eq",
          "checksum": "dbcdb1f631a5f1cd86cadd7cbd13f9b2"
        },
        {
          "type": "image",
          "assetId": "1qXLsp3Gl",
          "checksum": "5a94e89a73a2286abf97c9cb03ef0d53"
        },
        {
          "type": "image",
          "assetId": "FgP-35c5m",
          "checksum": "d9b838af656658deef13ac7d3fcf62f3"
        },
        {
          "type": "image",
          "assetId": "RtBuhLfpe",
          "checksum": "f04abab98abc945c24bf0d34548095ff"
        },
        {
          "type": "image",
          "assetId": "Q8dsR1Ya3",
          "checksum": "5bf2821a735811da44d81088c09d7729"
        },
        {
          "type": "image",
          "assetId": "mQOptpUsmZ",
          "checksum": "2538769d9576a386c5c7f83a1cf4ef62"
        },
        {
          "type": "image",
          "assetId": "4XNgS0YKP",
          "checksum": "2244f6d3fd8ab4322d6909c4c3ef616f"
        },
        {
          "type": "image",
          "assetId": "pGoZ-z6Ey",
          "checksum": "01ce89fb9dbe41eaf84c3691ac37e3a6"
        },
        {
          "type": "image",
          "assetId": "fyeMYI6Nk",
          "checksum": "97c28228238d41ceec4534b1bce1ea9d"
        },
        {
          "type": "image",
          "assetId": "VWPTvMyfj",
          "checksum": "ee2bd31360e29b3a1923a4945f89fde8"
        },
        {
          "type": "image",
          "assetId": "HKXEI5cPu",
          "checksum": "56cdd2320d5b3923ca5c8dada5b3a960"
        },
        {
          "type": "image",
          "assetId": "xlpa8IjYv",
          "checksum": "60c797347481f16bb79277d360db1b14"
        },
        {
          "type": "image",
          "assetId": "2Xmo-UlGL",
          "checksum": "bbb0896186f8dc94d13b4ff5bc31b558"
        },
        {
          "type": "image",
          "assetId": "cZnS6zLBf",
          "checksum": "f3d7cad1d2564c3eefd17e4bf83cf785"
        },
        {
          "type": "image",
          "assetId": "Zfpl2p14L",
          "checksum": "0a0204b424c11e9580fde4ca67a567f3"
        },
        {
          "type": "image",
          "assetId": "z7Q0WZtnF",
          "checksum": "8e0f080973b1f9b20069aa316bd6b5fe"
        },
        {
          "type": "image",
          "assetId": "MV-iw252s",
          "checksum": "c3e47e2cfcedbfbe4e95d53ecbc18b18"
        },
        {
          "type": "image",
          "assetId": "S6uJdcNII",
          "checksum": "7b4c45301cd870e37e3872c42fe307c6"
        },
        {
          "type": "image",
          "assetId": "TK5CdJRND",
          "checksum": "5044aa741eda94afbc0cdf275d174441"
        },
        {
          "type": "image",
          "assetId": "wcC-99HXh",
          "checksum": "2ba743bb3db28b5d08f9942b6d7f0272"
        },
        {
          "type": "image",
          "assetId": "wV9tHJz5J",
          "checksum": "b926b3a05f3fece11a73d306a84410c0"
        },
        {
          "type": "image",
          "assetId": "nsQNwrjDr",
          "checksum": "9eaf982cec835a423fc9e6c36cafed8a"
        },
        {
          "type": "image",
          "assetId": "LFnfKPfDu",
          "checksum": "4e171743090d031c03cefa038237eb29"
        },
        {
          "type": "image",
          "assetId": "UHUHDEvxd",
          "checksum": "69e36cf988e9363986f1fe9e8182b728"
        },
        {
          "type": "image",
          "assetId": "xN0RWJvWh",
          "checksum": "2f3186f31ceb027039ebe001bb117338"
        },
        {
          "type": "image",
          "assetId": "WiXT2gdxg",
          "checksum": "adf75555ddccf7135cecc518de247895"
        },
        {
          "type": "image",
          "assetId": "Eo7OkfnBA",
          "checksum": "1958e0a034910520a40f506758c52c6a"
        },
        {
          "type": "image",
          "assetId": "XdyayxrS3",
          "checksum": "f1c938e8ad335d3f8f7affd7cb961abd"
        },
        {
          "type": "image",
          "assetId": "xNo-AkG0e",
          "checksum": "0b8abf04b1840c91b1e19c4806d15cfc"
        },
        {
          "type": "image",
          "assetId": "62muS6d2Y",
          "checksum": "ccce6ad0be8e7d31a01554386932fe63"
        },
        {
          "type": "image",
          "assetId": "ccufmIpOC",
          "checksum": "375b7c5582aa2a2114424631fc32a72b"
        },
        {
          "type": "image",
          "assetId": "IzzEtRVSd",
          "checksum": "c2d9f210689d41fde56b38ad1e58ff90"
        },
        {
          "type": "image",
          "assetId": "EnzpsZnNo",
          "checksum": "13d6e93d5da27043b8f2d0cdcab3dc53"
        },
        {
          "type": "image",
          "assetId": "Dn5S8JL7H",
          "checksum": "878465310d6a52f3f2b89254a6d4aaaa"
        },
        {
          "type": "image",
          "assetId": "dHsf7IqGN",
          "checksum": "3f762ca2ba07a6697aab12e140ea5d20"
        },
        {
          "type": "image",
          "assetId": "wzezUzTfU",
          "checksum": "ca8cfe572a9c7ca7562be8a515fb6410"
        },
        {
          "type": "image",
          "assetId": "5xxeDTi_2",
          "checksum": "9c3d4e6885bc5803b787395110b91ba0"
        },
        {
          "type": "image",
          "assetId": "Y1cLdtC5p",
          "checksum": "cea6cded322c8a7f9c75f9be07e09421"
        },
        {
          "type": "image",
          "assetId": "MdyXN0Auz",
          "checksum": "9452f547e046fc663b9721a0295f971c"
        },
        {
          "type": "image",
          "assetId": "QIfl4TWQ0H",
          "checksum": "502be5f073e490efd77a15336d066f88"
        },
        {
          "type": "image",
          "assetId": "A-oIKPBDT",
          "checksum": "eb1a04c5f5b43d86f28c9cbfd61452c6"
        },
        {
          "type": "image",
          "assetId": "I6avqNVfS",
          "checksum": "e868ea60492eb385f7b69d62c09c8029"
        },
        {
          "type": "image",
          "assetId": "UrlN9ysec",
          "checksum": "2797fcd2237ebcebd792823e147ee6d7"
        },
        {
          "type": "image",
          "assetId": "2sfmJNIzu",
          "checksum": "fb1d2cc1c07062e9e54ea374d4b04c2f"
        },
        {
          "type": "image",
          "assetId": "u1TABRso4",
          "checksum": "556cdb8f93d900ecb0483f4b5b573211"
        },
        {
          "type": "image",
          "assetId": "v53izh8NN",
          "checksum": "e9db281b490010cab390906b168fadc4"
        },
        {
          "type": "image",
          "assetId": "MLv4cVE6I",
          "checksum": "539f09176d185172e4125474af5ff597"
        },
        {
          "type": "image",
          "assetId": "AVfwvYTPK",
          "checksum": "b9edff91c16e6715bc278217ba99bef5"
        },
        {
          "type": "image",
          "assetId": "CTc2zXw-o",
          "checksum": "cbea2e7c1d9d2d48bad45a7e5e241d54"
        },
        {
          "type": "image",
          "assetId": "lGgH04dpV",
          "checksum": "b1e7b2a3b8569a3f75dac7e3e0be049b"
        },
        {
          "type": "image",
          "assetId": "ctJJRhQOmF",
          "checksum": "ac902fc1b1389b6ce35c7cfb941b198f"
        },
        {
          "type": "image",
          "assetId": "b7PoB4e6bJ",
          "checksum": "5b55a896509c394524b3a7707e20f745"
        },
        {
          "type": "image",
          "assetId": "OrsonFC2Xn",
          "checksum": "48294e24f6f0151b610eef45668e99e0"
        },
        {
          "type": "image",
          "assetId": "w6uRsnNOr",
          "checksum": "ee0d50fd0c8d69a89a48e280d3d602f1"
        },
        {
          "type": "image",
          "assetId": "Bv8hQepak",
          "checksum": "db8b832daab732d6d964820af5b3994c"
        },
        {
          "type": "image",
          "assetId": "bTphux_km",
          "checksum": "97bc2a56ca17a13d45dc7b3b64972542"
        },
        {
          "type": "image",
          "assetId": "fSL2-scVK",
          "checksum": "cb0f0e27a05633ef65fc573e2dfb1670"
        },
        {
          "type": "image",
          "assetId": "PdvRG1ivM",
          "checksum": "b8d01178ccb657fdf2d6306eaa754c2d"
        },
        {
          "type": "image",
          "assetId": "Usyfh-QIW",
          "checksum": "fa871f6e2524d9470b02cfcc70c1cd20"
        },
        {
          "type": "image",
          "assetId": "Xq_49R9cf",
          "checksum": "6f5c97a5cabad2775d98f0e748ff6759"
        },
        {
          "type": "image",
          "assetId": "4_x_YUBSU",
          "checksum": "eeddc6a8b92d55e49298baf6b507cebb"
        },
        {
          "type": "image",
          "assetId": "lreVgxzrC",
          "checksum": "5745eb270ca0edfb565e00adb2666a3e"
        },
        {
          "type": "image",
          "assetId": "KWEWI51i9",
          "checksum": "51b23bda60b620ed7646471d7a83d3c0"
        },
        {
          "type": "image",
          "assetId": "FFo6q3mln",
          "checksum": "154bc8d21c28daf3c613fe097f4ddf78"
        },
        {
          "type": "image",
          "assetId": "BSuh69SwM",
          "checksum": "24882ecfc97680fdba8753a64fb7e7d5"
        },
        {
          "type": "image",
          "assetId": "8t6tyW2SN",
          "checksum": "9b68bb57845ca0e6cce2d955b2dd8dc4"
        },
        {
          "type": "image",
          "assetId": "WTvOXGb6b",
          "checksum": "936e1066c9af2931eaf9edf488f346d5"
        },
        {
          "type": "image",
          "assetId": "K6rrS2dFZ",
          "checksum": "74a3fc8bb24d0807f2bd1b61767bb206"
        },
        {
          "type": "image",
          "assetId": "Xl_ZeK5Zq",
          "checksum": "3a560b9aea00c4bfa89e0983d3e29ed9"
        },
        {
          "type": "image",
          "assetId": "QZwEvhzU2",
          "checksum": "37dcdd0f6752fdd30c8d9308868fd693"
        },
        {
          "type": "image",
          "assetId": "yHAqCT9Pm",
          "checksum": "371bab3a400ef1cb6b1015ddbaebc3bb"
        },
        {
          "type": "image",
          "assetId": "j6-2r3WfF",
          "checksum": "60a8f597598ec8bd85403526ec344884"
        },
        {
          "type": "image",
          "assetId": "9KjKXf8aA",
          "checksum": "ab660fe28280750859a7d1a5795e7b54"
        },
        {
          "type": "image",
          "assetId": "lYItEpXgS",
          "checksum": "46c530ac44c0d0094774735b5c9f2937"
        },
        {
          "type": "image",
          "assetId": "_G6dF9FdL",
          "checksum": "8f47eb089fe3458648fe5ba95777d8ac"
        },
        {
          "type": "image",
          "assetId": "fyKJL3owe",
          "checksum": "5672cef05d00bb9905b028bfdbe08064"
        },
        {
          "type": "image",
          "assetId": "KCxujGJaO",
          "checksum": "d2d989a5ded9222bca600b38f7ed73a0"
        },
        {
          "type": "image",
          "assetId": "zvTNx6qJy",
          "checksum": "8cfb2fb457573f3bc0dbe8ec17e9c292"
        },
        {
          "type": "image",
          "assetId": "q5HyGrQzo",
          "checksum": "edeb920ddeb81863a65087faa8e27912"
        },
        {
          "type": "image",
          "assetId": "FRccJnohF",
          "checksum": "cd165dcb70514364dce3267584572997"
        },
        {
          "type": "image",
          "assetId": "UVDBPWNKV",
          "checksum": "74d0ab289832d0d9d55c4f209cd06e89"
        },
        {
          "type": "image",
          "assetId": "OmM_OZNfL",
          "checksum": "3fac2cef6bc538977bffef821427b8c6"
        },
        {
          "type": "image",
          "assetId": "INz8QmFvF",
          "checksum": "3d77dbba54ceb10d80022f910b3723f5"
        },
        {
          "type": "image",
          "assetId": "ijfr7qQeh",
          "checksum": "c2b53be494fc364c68c37b0e903d96b1"
        }
      ]
    },
    {
      "projectId": "5JPQX3dHSUEXyotTfHZPL8",
      "version": "latest",
      "dependencies": {
        "kjuFFTSZb8fanzCHT2C1jz": "12.2.3",
        "seaQhLVS4bbjiGvJJrRwyL": "15.0.3"
      },
      "lang": "js",
      "fileLocks": [
        {
          "type": "globalVariant",
          "assetId": "MqnXnJNNzE7ELH",
          "checksum": "a85c96d68d8943a5863157076fdc9cc7"
        },
        {
          "type": "renderModule",
          "assetId": "rpUAC2PlBT425",
          "checksum": "50c7e29d9ccdda951b2ff17d6263f45f"
        },
        {
          "type": "cssRules",
          "assetId": "rpUAC2PlBT425",
          "checksum": "50c7e29d9ccdda951b2ff17d6263f45f"
        },
        {
          "type": "renderModule",
          "assetId": "3GuvlK7pn_MCC",
          "checksum": "3fa9210457ba0d610bef8ccfb66fcd15"
        },
        {
          "type": "cssRules",
          "assetId": "3GuvlK7pn_MCC",
          "checksum": "3fa9210457ba0d610bef8ccfb66fcd15"
        },
        {
          "type": "renderModule",
          "assetId": "7759f9YNNCJJf",
          "checksum": "51835d5f0978eaa0ea95de808ab74e07"
        },
        {
          "type": "cssRules",
          "assetId": "7759f9YNNCJJf",
          "checksum": "51835d5f0978eaa0ea95de808ab74e07"
        },
        {
          "type": "renderModule",
          "assetId": "nxU3bV-6W0zuy",
          "checksum": "a487abdbb59339ce09a08fc1b4cbbe0b"
        },
        {
          "type": "cssRules",
          "assetId": "nxU3bV-6W0zuy",
          "checksum": "a487abdbb59339ce09a08fc1b4cbbe0b"
        },
        {
          "type": "renderModule",
          "assetId": "Hp5zwPj1bcQbh",
          "checksum": "3b6cff7512ce534c49154194445c3aa9"
        },
        {
          "type": "cssRules",
          "assetId": "Hp5zwPj1bcQbh",
          "checksum": "3b6cff7512ce534c49154194445c3aa9"
        },
        {
          "type": "renderModule",
          "assetId": "75xIV2ZO0VgZKF",
          "checksum": "a8554a8865d184561a10f5ff1256c06b"
        },
        {
          "type": "cssRules",
          "assetId": "75xIV2ZO0VgZKF",
          "checksum": "a8554a8865d184561a10f5ff1256c06b"
        },
        {
          "type": "renderModule",
          "assetId": "61ciEynMuF9Qe2",
          "checksum": "8f5b6452bc3cacdd2317278f7eb4fd1c"
        },
        {
          "type": "cssRules",
          "assetId": "61ciEynMuF9Qe2",
          "checksum": "8f5b6452bc3cacdd2317278f7eb4fd1c"
        },
        {
          "type": "renderModule",
          "assetId": "DfU3ZmIn60eip9",
          "checksum": "221e1014202583a96ab92b0a55673901"
        },
        {
          "type": "cssRules",
          "assetId": "DfU3ZmIn60eip9",
          "checksum": "221e1014202583a96ab92b0a55673901"
        },
        {
          "type": "renderModule",
          "assetId": "f8pNAcrPRjP-Wu",
          "checksum": "7335efbaf586cad6a731c270483eac8f"
        },
        {
          "type": "cssRules",
          "assetId": "f8pNAcrPRjP-Wu",
          "checksum": "7335efbaf586cad6a731c270483eac8f"
        },
        {
          "type": "renderModule",
          "assetId": "Yept6Kbtv0LSKx",
          "checksum": "d55aa07551c791662cda876ac98b5665"
        },
        {
          "type": "cssRules",
          "assetId": "Yept6Kbtv0LSKx",
          "checksum": "d55aa07551c791662cda876ac98b5665"
        },
        {
          "type": "renderModule",
          "assetId": "zUrHpZIPmePfPJ",
          "checksum": "046b6a1021564c7b5ed0332c89c960a3"
        },
        {
          "type": "cssRules",
          "assetId": "zUrHpZIPmePfPJ",
          "checksum": "046b6a1021564c7b5ed0332c89c960a3"
        },
        {
          "type": "image",
          "assetId": "0Gx7nRCMQWRyuL",
          "checksum": "ee3c8a14bf16b222e9c34863e5333043"
        },
        {
          "type": "image",
          "assetId": "IA77ojEFF_UNAM",
          "checksum": "68682254f65647e7297abb5b97b11c3c"
        },
        {
          "type": "image",
          "assetId": "X7JErJkLQ-QpJX",
          "checksum": "8e011125f9bd005a7cb9c13809687f87"
        },
        {
          "type": "image",
          "assetId": "vnZvXMrQhRhrDK",
          "checksum": "c9c4bab5ffd1e8a34467bafc7013484d"
        },
        {
          "type": "image",
          "assetId": "zpsNX_BaNyg8MA",
          "checksum": "a3c4748c594640d05a41b778ce0d28d6"
        },
        {
          "type": "image",
          "assetId": "7s1yLsH3iCIObS",
          "checksum": "09a44448623324ebe07ff327e274304a"
        },
        {
          "type": "image",
          "assetId": "Jn1ts-Un3UTDi_",
          "checksum": "6640944e7f432932e8e84969383221fe"
        },
        {
          "type": "image",
          "assetId": "ero6jrI32qx_hk",
          "checksum": "5cab4823e15cab964db08642cc25da2a"
        },
        {
          "type": "image",
          "assetId": "5cjmWNtJOG377B",
          "checksum": "212c90e690ecd05d8a4b3993cd88e561"
        },
        {
          "type": "image",
          "assetId": "yiZzJ6qpvb7pVa",
          "checksum": "753172a7258f2f6d930726f3c6fd0ab8"
        },
        {
          "type": "image",
          "assetId": "Xpd2qac23oBfgQ",
          "checksum": "0345662b6f10a855569d817ad99b099f"
        },
        {
          "type": "image",
          "assetId": "AWecdRl989WQrj",
          "checksum": "c92fe5095482d5d38b5c43723c614be0"
        },
        {
          "type": "image",
          "assetId": "MUh9iulEAmbWn9",
          "checksum": "093353affe6fd0e13e25807f962772ba"
        },
        {
          "type": "image",
          "assetId": "IbGyfy7Lzz8zyO",
          "checksum": "454e725895fae65192ac1d2869dc270b"
        },
        {
          "type": "image",
          "assetId": "zrc-w4LRCMdpL9",
          "checksum": "712d9009e430644d6331347de895d07f"
        },
        {
          "assetId": "5JPQX3dHSUEXyotTfHZPL8",
          "type": "projectCss",
          "checksum": "45c24746b47c801a41f53d1aec8b3f3e"
        },
        {
          "type": "icon",
          "assetId": "C2UdNRLsDLsqvs",
          "checksum": "fa0ead14dd118d650dcaf502f722f4c2"
        },
        {
          "type": "icon",
          "assetId": "0IVdHXJW1AtHrg",
          "checksum": "e9b68a0a45a8b6625dc90bf02293db13"
        },
        {
          "type": "icon",
          "assetId": "s516FuIX0UMS1L",
          "checksum": "531d2a70a5943db4b6f4e315e5504867"
        },
        {
          "type": "icon",
          "assetId": "l988RaHhVreX4M",
          "checksum": "75c3414672d8f78021d2cbfc6508d58f"
        }
      ]
    }
  ],
  "cliVersion": "0.1.154"
}
